
Microsoft Visual Studio Solution File, Format Version 12.00
# Visual Studio Version 17
VisualStudioVersion = 17.7.34009.444
MinimumVisualStudioVersion = 10.0.40219.1
Project("{FAE04EC0-301F-11D3-BF4B-00C04F79EFBC}") = "MyRegList.API", "MyRegList.API\MyRegList.API.csproj", "{2CA263EF-3121-4AD2-A73C-7BD9D7031D2C}"
EndProject
Global
	GlobalSection(SolutionConfigurationPlatforms) = preSolution
		Debug|Any CPU = Debug|Any CPU
		Release|Any CPU = Release|Any CPU
	EndGlobalSection
	GlobalSection(ProjectConfigurationPlatforms) = postSolution
		{2CA263EF-3121-4AD2-A73C-7BD9D7031D2C}.Debug|Any CPU.ActiveCfg = Debug|Any CPU
		{2CA263EF-3121-4AD2-A73C-7BD9D7031D2C}.Debug|Any CPU.Build.0 = Debug|Any CPU
		{2CA263EF-3121-4AD2-A73C-7BD9D7031D2C}.Release|Any CPU.ActiveCfg = Release|Any CPU
		{2CA263EF-3121-4AD2-A73C-7BD9D7031D2C}.Release|Any CPU.Build.0 = Release|Any CPU
	EndGlobalSection
	GlobalSection(SolutionProperties) = preSolution
		HideSolutionNode = FALSE
	EndGlobalSection
	GlobalSection(ExtensibilityGlobals) = postSolution
		SolutionGuid = {1B91A615-AF23-4B4E-88DC-F02AA9B6A942}
	EndGlobalSection
EndGlobal
